
Microsoft Visual Studio Solution File, Format Version 12.00
# Visual Studio Version 17
VisualStudioVersion = 17.7.34202.233
MinimumVisualStudioVersion = 10.0.40219.1
Project("{9A19103F-16F7-4668-BE54-9A1E7A4F7556}") = "GitHelper", ".\GitHelper\GitHelper.csproj", "{3B7D3567-44AB-4644-A0CD-B3374A7AB7BB}"
EndProject
Project("{FAE04EC0-301F-11D3-BF4B-00C04F79EFBC}") = "Decoder", ".\Decoder\Decoder.csproj", "{264E0591-4031-46CC-AC9F-E5B4D4C29A68}"
EndProject
Global
	GlobalSection(SolutionConfigurationPlatforms) = preSolution
		Debug|Any CPU = Debug|Any CPU
		Release|Any CPU = Release|Any CPU
	EndGlobalSection
	GlobalSection(ProjectConfigurationPlatforms) = postSolution
		{3B7D3567-44AB-4644-A0CD-B3374A7AB7BB}.Debug|Any CPU.ActiveCfg = Debug|Any CPU
		{3B7D3567-44AB-4644-A0CD-B3374A7AB7BB}.Debug|Any CPU.Build.0 = Debug|Any CPU
		{3B7D3567-44AB-4644-A0CD-B3374A7AB7BB}.Release|Any CPU.ActiveCfg = Release|Any CPU
		{3B7D3567-44AB-4644-A0CD-B3374A7AB7BB}.Release|Any CPU.Build.0 = Release|Any CPU
		{264E0591-4031-46CC-AC9F-E5B4D4C29A68}.Debug|Any CPU.ActiveCfg = Debug|Any CPU
		{264E0591-4031-46CC-AC9F-E5B4D4C29A68}.Debug|Any CPU.Build.0 = Debug|Any CPU
		{264E0591-4031-46CC-AC9F-E5B4D4C29A68}.Release|Any CPU.ActiveCfg = Release|Any CPU
		{264E0591-4031-46CC-AC9F-E5B4D4C29A68}.Release|Any CPU.Build.0 = Release|Any CPU
	EndGlobalSection
	GlobalSection(SolutionProperties) = preSolution
		HideSolutionNode = FALSE
	EndGlobalSection
	GlobalSection(ExtensibilityGlobals) = postSolution
		SolutionGuid = {609BB85A-8779-4ECE-A866-ABC88AB1CEE7}
	EndGlobalSection
EndGlobal
